{
  "name": "demo-repo",
  "version": "0.2.0",
  "lockfileVersion": 3,
  "requires": true,
  "packages": {
    "": {
      "name": "demo-repo",
      "version": "0.2.0",
      "license": "MIT",
      "dependencies": {
        "@primer/css": "22.3.0"
      }
    },
    "node_modules/@primer/css": {
      "version": "22.3.0",
      "resolved": "https://registry.npmjs.org/@primer/css/-/css-22.3.0.tgz",
      "integrity": "sha512-JARQl6Ar2g+jGjxRfA85zKkM+lJV5GQz2Zn4wk4CXzQ2NYwFpOMVmhht2IPDAuTfv/lmocnEPYjW6cTmJbYGAQ==",
      "license": "MIT",
      "engines": {
        "node": ">=16.0.0"
      },
      "peerDependencies": {
        "@primer/primitives": "10.x || 11.x"
      }
    },
    "node_modules/@primer/primitives": {
      "version": "10.7.0",
      "resolved": "https://registry.npmjs.org/@primer/primitives/-/primitives-10.7.0.tgz",
      "integrity": "sha512-732Dq7c4znkewwRkXldV0NLLppfGrDJHPXsXO2QLHwJxKLwi2icKkzcOR77vb5g0ThObZJrRqlB/4DYajIiyyQ==",
      "license": "MIT",
      "peer": true
    }
  }
}
