{
  "name": "demo-repo",
  "version": "0.2.0",
  "lockfileVersion": 3,
  "requires": true,
  "packages": {
    "": {
      "name": "demo-repo",
      "version": "0.2.0",
      "license": "MIT",
      "dependencies": {
        "@primer/css": "22.1.0"
      }
    },
    "node_modules/@primer/css": {
      "version": "22.1.0",
      "resolved": "https://registry.npmjs.org/@primer/css/-/css-22.1.0.tgz",
      "integrity": "sha512-Nwg9QaRiBeu0BU6h+Su0X07daihX1obiuqGRG8y+SexOnvWhN2J5n4OFAvGfQsit07Y7Q6gGoK+yVU5tb8CtDA==",
      "license": "MIT",
      "engines": {
        "node": ">=16.0.0"
      },
      "peerDependencies": {
        "@primer/primitives": "10.x || 11.x"
      }
    },
    "node_modules/@primer/primitives": {
      "version": "11.3.2",
      "resolved": "https://registry.npmjs.org/@primer/primitives/-/primitives-11.3.2.tgz",
      "integrity": "sha512-/8EDh3MmF9cbmrLETFmIuNFIdvpSCkvBlx6zzD8AZ4dZ5UYExQzFj8QAtIrRtCFJ2ZmW5QrtrPR3+JVb8KEDpg==",
      "license": "MIT",
      "peer": true
    }
  }
}
