{
  "name": "demo-repo",
  "version": "0.2.0",
  "lockfileVersion": 3,
  "requires": true,
  "packages": {
    "": {
      "name": "demo-repo",
      "version": "0.2.0",
      "license": "MIT",
      "dependencies": {
        "@primer/css": "21.5.0"
      }
    },
    "node_modules/@prettier/sync": {
      "version": "0.5.2",
      "resolved": "https://registry.npmjs.org/@prettier/sync/-/sync-0.5.2.tgz",
      "integrity": "sha512-Yb569su456XNx5BsH/Vyem7xD6g/y9iLmLUzRKM1a/dhU/D7HqqvkAG72znulXlMXztbV0iiu9O5AL8K98TzZQ==",
      "peer": true,
      "dependencies": {
        "make-synchronized": "^0.2.8"
      },
      "funding": {
        "url": "https://github.com/prettier/prettier-synchronized?sponsor=1"
      },
      "peerDependencies": {
        "prettier": "*"
      }
    },
    "node_modules/@primer/css": {
      "version": "21.5.0",
      "resolved": "https://registry.npmjs.org/@primer/css/-/css-21.5.0.tgz",
      "integrity": "sha512-zkvHxWpVcjURujbWaq4YL8R/9g9qkM6275KMXXgNs/T2o8GekUDH6Qx2cpIPVd/AHtwIwDsy4+yjWcNWsuRgkA==",
      "engines": {
        "node": ">=16.0.0"
      },
      "peerDependencies": {
        "@primer/primitives": "^9.0.3"
      }
    },
    "node_modules/@primer/primitives": {
      "version": "9.1.2",
      "resolved": "https://registry.npmjs.org/@primer/primitives/-/primitives-9.1.2.tgz",
      "integrity": "sha512-KecRJpUdIf14J3gVpoyMMJeQD6Sh5kcHk93N5bYch4XGB0GOZP3ypxz+NByMjr/2HHPsRfCCO5EEgNjmeWYUGQ==",
      "peer": true,
      "dependencies": {
        "@prettier/sync": "^0.5.2",
        "prettier": "3.3"
      }
    },
    "node_modules/make-synchronized": {
      "version": "0.2.9",
      "resolved": "https://registry.npmjs.org/make-synchronized/-/make-synchronized-0.2.9.tgz",
      "integrity": "sha512-4wczOs8SLuEdpEvp3vGo83wh8rjJ78UsIk7DIX5fxdfmfMJGog4bQzxfvOwq7Q3yCHLC4jp1urPHIxRS/A93gA==",
      "peer": true,
      "funding": {
        "url": "https://github.com/fisker/make-synchronized?sponsor=1"
      }
    },
    "node_modules/prettier": {
      "version": "3.3.3",
      "resolved": "https://registry.npmjs.org/prettier/-/prettier-3.3.3.tgz",
      "integrity": "sha512-i2tDNA0O5IrMO757lfrdQZCc2jPNDVntV0m/+4whiDfWaTKfMNgR7Qz0NAeGz/nRqF4m5/6CLzbP4/liHt12Ew==",
      "peer": true,
      "bin": {
        "prettier": "bin/prettier.cjs"
      },
      "engines": {
        "node": ">=14"
      },
      "funding": {
        "url": "https://github.com/prettier/prettier?sponsor=1"
      }
    }
  }
}
